
Microsoft Visual Studio Solution File, Format Version 12.00
# Visual Studio Version 17
VisualStudioVersion = 17.13.35806.99
MinimumVisualStudioVersion = 10.0.40219.1
Project("{2150E333-8FDC-42A3-9474-1A3956D46DE8}") = "Apps", "Apps", "{02EA681E-C7D8-13C7-8484-4AC65E1B71E8}"
EndProject
Project("{2150E333-8FDC-42A3-9474-1A3956D46DE8}") = "Logic", "Logic", "{E0E9388E-B2C6-4AB4-AC7A-115D87512360}"
EndProject
Project("{2150E333-8FDC-42A3-9474-1A3956D46DE8}") = "Api", "Api", "{94E59808-3291-4A35-A7D0-386B78ED683A}"
EndProject
Project("{2150E333-8FDC-42A3-9474-1A3956D46DE8}") = "Shared", "Shared", "{71DBB56C-D957-4745-B88A-9BC9E09E653F}"
EndProject
Project("{2150E333-8FDC-42A3-9474-1A3956D46DE8}") = "Tests", "Tests", "{BA76560D-4B3A-45EB-AA5C-97BD14146AF3}"
EndProject
Project("{FAE04EC0-301F-11D3-BF4B-00C04F79EFBC}") = "Todo.App", "Todo.App\Todo.App.csproj", "{481565FE-9FE5-49FA-A568-5F64E86A2DBD}"
EndProject
Project("{FAE04EC0-301F-11D3-BF4B-00C04F79EFBC}") = "Todo.Api", "Todo.Api\Todo.Api.csproj", "{6487AE84-045A-4271-B596-6D178F4836E2}"
EndProject
Project("{FAE04EC0-301F-11D3-BF4B-00C04F79EFBC}") = "Todo.Services", "Todo.Services\Todo.Services.csproj", "{6092C42D-EB65-42E1-9F98-D8CA35927835}"
EndProject
Project("{FAE04EC0-301F-11D3-BF4B-00C04F79EFBC}") = "Todo.Services.Abstraction", "Todo.Services.Abstraction\Todo.Services.Abstraction.csproj", "{E4828D4E-B464-45B0-ACEA-93D964FFDEBC}"
EndProject
Project("{FAE04EC0-301F-11D3-BF4B-00C04F79EFBC}") = "Todo.Entities", "Todo.Entities\Todo.Entities.csproj", "{BB48A54B-D1B8-415E-9321-7CBDA0544695}"
EndProject
Project("{FAE04EC0-301F-11D3-BF4B-00C04F79EFBC}") = "Todo.Contracts", "Todo.ModelViews\Todo.Contracts.csproj", "{28A72706-3F21-4A37-8F9F-CB2C7E71C5F1}"
EndProject
Project("{FAE04EC0-301F-11D3-BF4B-00C04F79EFBC}") = "Todo.Constants", "Todo.Constants\Todo.Constants.csproj", "{A22D1241-3178-48AE-A1D0-0FCB7C20A5F0}"
EndProject
Project("{FAE04EC0-301F-11D3-BF4B-00C04F79EFBC}") = "Todo.Tests", "Todo.Tests\Todo.Tests.csproj", "{7655361B-4313-446D-833B-EDB4B57A4C93}"
EndProject
Project("{FAE04EC0-301F-11D3-BF4B-00C04F79EFBC}") = "Todo.Dal", "Todo.Dal\Todo.Dal.csproj", "{8CEE808D-74C5-4199-BBCC-8C2963E74B73}"
EndProject
Project("{FAE04EC0-301F-11D3-BF4B-00C04F79EFBC}") = "Todo.ServerConfigurations", "Todo.ServerConfigurations\Todo.ServerConfigurations.csproj", "{0C0A6467-6FB7-4F62-A1A0-D50D41942B1E}"
EndProject
Project("{2150E333-8FDC-42A3-9474-1A3956D46DE8}") = "Doc", "Doc", "{0A946AA5-B323-4256-A331-6C1B4F9BBDEA}"
	ProjectSection(SolutionItems) = preProject
		Todo.txt = Todo.txt
	EndProjectSection
EndProject
Project("{2150E333-8FDC-42A3-9474-1A3956D46DE8}") = "Solution Items", "Solution Items", "{9A9987F3-90A8-4D4D-8A56-E2FF38627E8A}"
	ProjectSection(SolutionItems) = preProject
		.editorconfig = .editorconfig
	EndProjectSection
EndProject
Project("{E53339B2-1760-4266-BCC7-CA923CBCF16C}") = "docker-compose", "docker-compose.dcproj", "{81DDED9D-158B-E303-5F62-77A2896D2A5A}"
EndProject
Global
	GlobalSection(SolutionConfigurationPlatforms) = preSolution
		Debug|Any CPU = Debug|Any CPU
		Release|Any CPU = Release|Any CPU
	EndGlobalSection
	GlobalSection(ProjectConfigurationPlatforms) = postSolution
		{481565FE-9FE5-49FA-A568-5F64E86A2DBD}.Debug|Any CPU.ActiveCfg = Debug|Any CPU
		{481565FE-9FE5-49FA-A568-5F64E86A2DBD}.Debug|Any CPU.Build.0 = Debug|Any CPU
		{481565FE-9FE5-49FA-A568-5F64E86A2DBD}.Release|Any CPU.ActiveCfg = Release|Any CPU
		{481565FE-9FE5-49FA-A568-5F64E86A2DBD}.Release|Any CPU.Build.0 = Release|Any CPU
		{6487AE84-045A-4271-B596-6D178F4836E2}.Debug|Any CPU.ActiveCfg = Debug|Any CPU
		{6487AE84-045A-4271-B596-6D178F4836E2}.Debug|Any CPU.Build.0 = Debug|Any CPU
		{6487AE84-045A-4271-B596-6D178F4836E2}.Release|Any CPU.ActiveCfg = Release|Any CPU
		{6487AE84-045A-4271-B596-6D178F4836E2}.Release|Any CPU.Build.0 = Release|Any CPU
		{6092C42D-EB65-42E1-9F98-D8CA35927835}.Debug|Any CPU.ActiveCfg = Debug|Any CPU
		{6092C42D-EB65-42E1-9F98-D8CA35927835}.Debug|Any CPU.Build.0 = Debug|Any CPU
		{6092C42D-EB65-42E1-9F98-D8CA35927835}.Release|Any CPU.ActiveCfg = Release|Any CPU
		{6092C42D-EB65-42E1-9F98-D8CA35927835}.Release|Any CPU.Build.0 = Release|Any CPU
		{E4828D4E-B464-45B0-ACEA-93D964FFDEBC}.Debug|Any CPU.ActiveCfg = Debug|Any CPU
		{E4828D4E-B464-45B0-ACEA-93D964FFDEBC}.Debug|Any CPU.Build.0 = Debug|Any CPU
		{E4828D4E-B464-45B0-ACEA-93D964FFDEBC}.Release|Any CPU.ActiveCfg = Release|Any CPU
		{E4828D4E-B464-45B0-ACEA-93D964FFDEBC}.Release|Any CPU.Build.0 = Release|Any CPU
		{BB48A54B-D1B8-415E-9321-7CBDA0544695}.Debug|Any CPU.ActiveCfg = Debug|Any CPU
		{BB48A54B-D1B8-415E-9321-7CBDA0544695}.Debug|Any CPU.Build.0 = Debug|Any CPU
		{BB48A54B-D1B8-415E-9321-7CBDA0544695}.Release|Any CPU.ActiveCfg = Release|Any CPU
		{BB48A54B-D1B8-415E-9321-7CBDA0544695}.Release|Any CPU.Build.0 = Release|Any CPU
		{28A72706-3F21-4A37-8F9F-CB2C7E71C5F1}.Debug|Any CPU.ActiveCfg = Debug|Any CPU
		{28A72706-3F21-4A37-8F9F-CB2C7E71C5F1}.Debug|Any CPU.Build.0 = Debug|Any CPU
		{28A72706-3F21-4A37-8F9F-CB2C7E71C5F1}.Release|Any CPU.ActiveCfg = Release|Any CPU
		{28A72706-3F21-4A37-8F9F-CB2C7E71C5F1}.Release|Any CPU.Build.0 = Release|Any CPU
		{A22D1241-3178-48AE-A1D0-0FCB7C20A5F0}.Debug|Any CPU.ActiveCfg = Debug|Any CPU
		{A22D1241-3178-48AE-A1D0-0FCB7C20A5F0}.Debug|Any CPU.Build.0 = Debug|Any CPU
		{A22D1241-3178-48AE-A1D0-0FCB7C20A5F0}.Release|Any CPU.ActiveCfg = Release|Any CPU
		{A22D1241-3178-48AE-A1D0-0FCB7C20A5F0}.Release|Any CPU.Build.0 = Release|Any CPU
		{7655361B-4313-446D-833B-EDB4B57A4C93}.Debug|Any CPU.ActiveCfg = Debug|Any CPU
		{7655361B-4313-446D-833B-EDB4B57A4C93}.Debug|Any CPU.Build.0 = Debug|Any CPU
		{7655361B-4313-446D-833B-EDB4B57A4C93}.Release|Any CPU.ActiveCfg = Release|Any CPU
		{7655361B-4313-446D-833B-EDB4B57A4C93}.Release|Any CPU.Build.0 = Release|Any CPU
		{8CEE808D-74C5-4199-BBCC-8C2963E74B73}.Debug|Any CPU.ActiveCfg = Debug|Any CPU
		{8CEE808D-74C5-4199-BBCC-8C2963E74B73}.Debug|Any CPU.Build.0 = Debug|Any CPU
		{8CEE808D-74C5-4199-BBCC-8C2963E74B73}.Release|Any CPU.ActiveCfg = Release|Any CPU
		{8CEE808D-74C5-4199-BBCC-8C2963E74B73}.Release|Any CPU.Build.0 = Release|Any CPU
		{0C0A6467-6FB7-4F62-A1A0-D50D41942B1E}.Debug|Any CPU.ActiveCfg = Debug|Any CPU
		{0C0A6467-6FB7-4F62-A1A0-D50D41942B1E}.Debug|Any CPU.Build.0 = Debug|Any CPU
		{0C0A6467-6FB7-4F62-A1A0-D50D41942B1E}.Release|Any CPU.ActiveCfg = Release|Any CPU
		{0C0A6467-6FB7-4F62-A1A0-D50D41942B1E}.Release|Any CPU.Build.0 = Release|Any CPU
		{81DDED9D-158B-E303-5F62-77A2896D2A5A}.Debug|Any CPU.ActiveCfg = Debug|Any CPU
		{81DDED9D-158B-E303-5F62-77A2896D2A5A}.Debug|Any CPU.Build.0 = Debug|Any CPU
		{81DDED9D-158B-E303-5F62-77A2896D2A5A}.Release|Any CPU.ActiveCfg = Release|Any CPU
		{81DDED9D-158B-E303-5F62-77A2896D2A5A}.Release|Any CPU.Build.0 = Release|Any CPU
	EndGlobalSection
	GlobalSection(SolutionProperties) = preSolution
		HideSolutionNode = FALSE
	EndGlobalSection
	GlobalSection(NestedProjects) = preSolution
		{481565FE-9FE5-49FA-A568-5F64E86A2DBD} = {02EA681E-C7D8-13C7-8484-4AC65E1B71E8}
		{6487AE84-045A-4271-B596-6D178F4836E2} = {94E59808-3291-4A35-A7D0-386B78ED683A}
		{6092C42D-EB65-42E1-9F98-D8CA35927835} = {E0E9388E-B2C6-4AB4-AC7A-115D87512360}
		{E4828D4E-B464-45B0-ACEA-93D964FFDEBC} = {E0E9388E-B2C6-4AB4-AC7A-115D87512360}
		{BB48A54B-D1B8-415E-9321-7CBDA0544695} = {71DBB56C-D957-4745-B88A-9BC9E09E653F}
		{28A72706-3F21-4A37-8F9F-CB2C7E71C5F1} = {71DBB56C-D957-4745-B88A-9BC9E09E653F}
		{A22D1241-3178-48AE-A1D0-0FCB7C20A5F0} = {71DBB56C-D957-4745-B88A-9BC9E09E653F}
		{7655361B-4313-446D-833B-EDB4B57A4C93} = {BA76560D-4B3A-45EB-AA5C-97BD14146AF3}
		{8CEE808D-74C5-4199-BBCC-8C2963E74B73} = {E0E9388E-B2C6-4AB4-AC7A-115D87512360}
		{0C0A6467-6FB7-4F62-A1A0-D50D41942B1E} = {E0E9388E-B2C6-4AB4-AC7A-115D87512360}
	EndGlobalSection
	GlobalSection(ExtensibilityGlobals) = postSolution
		SolutionGuid = {F30BC2B7-AE6E-4765-830D-967385BA0EC5}
	EndGlobalSection
EndGlobal
